
Microsoft Visual Studio Solution File, Format Version 12.00
# Visual Studio Version 16
VisualStudioVersion = 25.0.1706.0
MinimumVisualStudioVersion = 10.0.40219.1
Project("{FAE04EC0-301F-11D3-BF4B-00C04F79EFBC}") = "backend", "backend\backend.csproj", "{B11355DB-E7DF-489A-A86A-06F919EF79E4}"
EndProject
Global
	GlobalSection(SolutionConfigurationPlatforms) = preSolution
		Debug|Any CPU = Debug|Any CPU
		Release|Any CPU = Release|Any CPU
	EndGlobalSection
	GlobalSection(ProjectConfigurationPlatforms) = postSolution
		{B11355DB-E7DF-489A-A86A-06F919EF79E4}.Debug|Any CPU.ActiveCfg = Debug|Any CPU
		{B11355DB-E7DF-489A-A86A-06F919EF79E4}.Debug|Any CPU.Build.0 = Debug|Any CPU
		{B11355DB-E7DF-489A-A86A-06F919EF79E4}.Release|Any CPU.ActiveCfg = Release|Any CPU
		{B11355DB-E7DF-489A-A86A-06F919EF79E4}.Release|Any CPU.Build.0 = Release|Any CPU
	EndGlobalSection
	GlobalSection(SolutionProperties) = preSolution
		HideSolutionNode = FALSE
	EndGlobalSection
	GlobalSection(ExtensibilityGlobals) = postSolution
		SolutionGuid = {D78EAD32-AC52-4D83-84E4-62847C1179A3}
	EndGlobalSection
EndGlobal
